// !$*UTF8*$!
{
 archiveVersion = 1;
 classes = {};
 objectVersion = 56;
 objects = {
  7EE72F071A85C5B6B6E77053 = { isa = XCRemoteSwiftPackageReference; repositoryURL = "https://github.com/ml-explore/mlx-swift"; requirement = { kind = exactVersion; version = 0.30.6; }; };
  1072E9D33C8720BC62F17240 = { isa = PBXFileReference; explicitFileType = wrapper.application; includeInIndex = 0; path = MLXAstra.app; sourceTree = BUILT_PRODUCTS_DIR; };
  3BA614B7F67F8FB2AC7BAEE6 = { isa = PBXFileReference; explicitFileType = wrapper.framework; includeInIndex = 0; path = MLXAstraCore.framework; sourceTree = BUILT_PRODUCTS_DIR; };
  164B3131A39FA3B1C13F4A84 = { isa = PBXFileReference; explicitFileType = wrapper.cfbundle; includeInIndex = 0; path = MLXAstraTests.xctest; sourceTree = BUILT_PRODUCTS_DIR; };
  2B537D170CE334714BC86947 = { isa = PBXFileReference; lastKnownFileType = folder.assetcatalog; path = "Resources/Assets.xcassets"; sourceTree = SOURCE_ROOT; };
  EB3F7863DC019BE4D1991BFC = { isa = PBXFileReference; lastKnownFileType = text.plist.xml; path = "Resources/Info.plist"; sourceTree = SOURCE_ROOT; };
  FAB2F6CB065A5AD72CCFED12 = { isa = PBXFileReference; lastKnownFileType = sourcecode.swift; path = "Sources/MLXAstra/MLXAstraApp.swift"; sourceTree = SOURCE_ROOT; };
  1D27FB87C174A3C694F5C062 = { isa = PBXFileReference; lastKnownFileType = sourcecode.swift; path = "Sources/MLXAstra/SimulationModel.swift"; sourceTree = SOURCE_ROOT; };
  6EFC58743E1EC04690213526 = { isa = PBXFileReference; lastKnownFileType = sourcecode.swift; path = "Sources/MLXAstra/AstraView.swift"; sourceTree = SOURCE_ROOT; };
  9543855BF6753CC03C813F3D = { isa = PBXFileReference; lastKnownFileType = sourcecode.swift; path = "Sources/MLXAstra/TurbulenceCanvas.swift"; sourceTree = SOURCE_ROOT; };
  A1C6E0E9053DCE9D30947426 = { isa = PBXFileReference; lastKnownFileType = sourcecode.metal; path = "Sources/MLXAstra/Turbulence.metal"; sourceTree = SOURCE_ROOT; };
  8612B9A4FFBF637585E44542 = { isa = PBXFileReference; lastKnownFileType = sourcecode.swift; path = "Sources/MLXAstra/AppDiagnostics.swift"; sourceTree = SOURCE_ROOT; };
  76F18BEE2ECAE037F445A0BB = { isa = PBXGroup; children = (FAB2F6CB065A5AD72CCFED12, 1D27FB87C174A3C694F5C062, 6EFC58743E1EC04690213526, 9543855BF6753CC03C813F3D, A1C6E0E9053DCE9D30947426, 8612B9A4FFBF637585E44542,); name = MLXAstra; sourceTree = "<group>"; };
  3502465CC2502F4365BE4844 = { isa = XCSwiftPackageProductDependency; package = 7EE72F071A85C5B6B6E77053; productName = MLX; };
  4ED96462919C4D20FAD07A1B = { isa = PBXBuildFile; productRef = 3502465CC2502F4365BE4844; };
  3EAEB3163324A5096FF6DF1F = { isa = PBXBuildFile; fileRef = FAB2F6CB065A5AD72CCFED12;  };
  E1BD68C3E704752BE6668702 = { isa = PBXBuildFile; fileRef = 1D27FB87C174A3C694F5C062;  };
  39B0D110C9FBE12D7F49D4FC = { isa = PBXBuildFile; fileRef = 6EFC58743E1EC04690213526;  };
  2965B2FB1D7934E47162E608 = { isa = PBXBuildFile; fileRef = 9543855BF6753CC03C813F3D;  };
  5333204E7198FADD1065AA98 = { isa = PBXBuildFile; fileRef = A1C6E0E9053DCE9D30947426;  };
  94BC5CAA81C26D1ED1920F88 = { isa = PBXBuildFile; fileRef = 8612B9A4FFBF637585E44542;  };
  227E38A603FAD274332676AD = { isa = PBXSourcesBuildPhase; buildActionMask = 2147483647; files = (3EAEB3163324A5096FF6DF1F, E1BD68C3E704752BE6668702, 39B0D110C9FBE12D7F49D4FC, 2965B2FB1D7934E47162E608, 5333204E7198FADD1065AA98, 94BC5CAA81C26D1ED1920F88,); runOnlyForDeploymentPostprocessing = 0;  };
  8F311F20F03F81386F877971 = { isa = PBXBuildFile; fileRef = 3BA614B7F67F8FB2AC7BAEE6;  };
  9AA5879F5A3208789DB2F7CC = { isa = PBXContainerItemProxy; containerPortal = 98F54143AB4E86B28C3AFEE0; proxyType = 1; remoteGlobalIDString = 2DBD852842EC798B9456D9F8; remoteInfo = MLXAstraCore; };
  D03D27E976C23146A25E64A3 = { isa = PBXTargetDependency; target = 2DBD852842EC798B9456D9F8; targetProxy = 9AA5879F5A3208789DB2F7CC; };
  94345C9E4B39E4E1DEDFA084 = { isa = PBXFrameworksBuildPhase; buildActionMask = 2147483647; files = (4ED96462919C4D20FAD07A1B, 8F311F20F03F81386F877971,); runOnlyForDeploymentPostprocessing = 0;  };
  F0C3048B9C4C204F3473B058 = { isa = PBXBuildFile; fileRef = 2B537D170CE334714BC86947;  };
  36066E9B387EB1D9CB7EB285 = { isa = PBXBuildFile; fileRef = 3BA614B7F67F8FB2AC7BAEE6; settings = { ATTRIBUTES = (CodeSignOnCopy, RemoveHeadersOnCopy,); }; };
  881D2A5F14BF0F0BB01C4964 = { isa = PBXCopyFilesBuildPhase; buildActionMask = 2147483647; files = (36066E9B387EB1D9CB7EB285,); runOnlyForDeploymentPostprocessing = 0; dstPath = ""; dstSubfolderSpec = 10; name = "Embed Frameworks"; };
  4DE35C835FF3F958E8CF001B = { isa = PBXResourcesBuildPhase; buildActionMask = 2147483647; files = (F0C3048B9C4C204F3473B058,); runOnlyForDeploymentPostprocessing = 0;  };
  61DF91F0F8DC9ACCF5CB4723 = { isa = XCBuildConfiguration; buildSettings = { PRODUCT_NAME = "$(TARGET_NAME)"; PRODUCT_BUNDLE_IDENTIFIER = "com.mannetroll.MLXAstra"; SWIFT_VERSION = 5.0; CODE_SIGN_STYLE = Automatic; CODE_SIGN_IDENTITY = "-"; MACOSX_DEPLOYMENT_TARGET = 14.0; SUPPORTED_PLATFORMS = macosx; SDKROOT = macosx; ARCHS = arm64; ENABLE_USER_SCRIPT_SANDBOXING = YES; SWIFT_STRICT_CONCURRENCY = minimal; CURRENT_PROJECT_VERSION = 1; MARKETING_VERSION = 1.0; LD_RUNPATH_SEARCH_PATHS = "$(inherited) @executable_path/../Frameworks @loader_path/../Frameworks"; INFOPLIST_FILE = Resources/Info.plist; GENERATE_INFOPLIST_FILE = NO; ASSETCATALOG_COMPILER_APPICON_NAME = AppIcon; ENABLE_APP_SANDBOX = NO; COMBINE_HIDPI_IMAGES = YES; SWIFT_OPTIMIZATION_LEVEL = "-Onone"; ENABLE_TESTABILITY = YES; }; name = Debug; };
  FD0570D506841D517EDE8A74 = { isa = XCBuildConfiguration; buildSettings = { PRODUCT_NAME = "$(TARGET_NAME)"; PRODUCT_BUNDLE_IDENTIFIER = "com.mannetroll.MLXAstra"; SWIFT_VERSION = 5.0; CODE_SIGN_STYLE = Automatic; CODE_SIGN_IDENTITY = "-"; MACOSX_DEPLOYMENT_TARGET = 14.0; SUPPORTED_PLATFORMS = macosx; SDKROOT = macosx; ARCHS = arm64; ENABLE_USER_SCRIPT_SANDBOXING = YES; SWIFT_STRICT_CONCURRENCY = minimal; CURRENT_PROJECT_VERSION = 1; MARKETING_VERSION = 1.0; LD_RUNPATH_SEARCH_PATHS = "$(inherited) @executable_path/../Frameworks @loader_path/../Frameworks"; INFOPLIST_FILE = Resources/Info.plist; GENERATE_INFOPLIST_FILE = NO; ASSETCATALOG_COMPILER_APPICON_NAME = AppIcon; ENABLE_APP_SANDBOX = NO; COMBINE_HIDPI_IMAGES = YES; SWIFT_OPTIMIZATION_LEVEL = "-O"; SWIFT_COMPILATION_MODE = wholemodule; ENABLE_TESTABILITY = YES; }; name = Release; };
  F3B8A1C81541DEAE29390F12 = { isa = XCConfigurationList; buildConfigurations = (61DF91F0F8DC9ACCF5CB4723, FD0570D506841D517EDE8A74,); defaultConfigurationIsVisible = 0; defaultConfigurationName = Release; };
  FF2DF4C10B501E3FDAF3B307 = { isa = PBXNativeTarget; buildConfigurationList = F3B8A1C81541DEAE29390F12; buildPhases = (227E38A603FAD274332676AD, 94345C9E4B39E4E1DEDFA084, 881D2A5F14BF0F0BB01C4964, 4DE35C835FF3F958E8CF001B,); buildRules = (); dependencies = (D03D27E976C23146A25E64A3,); name = MLXAstra; packageProductDependencies = (3502465CC2502F4365BE4844,); productName = MLXAstra; productReference = 1072E9D33C8720BC62F17240; productType = "com.apple.product-type.application"; };
  95E3A05B12CE9C3BF9174AD8 = { isa = PBXFileReference; lastKnownFileType = sourcecode.swift; path = "Sources/MLXAstraCore/SimulationTypes.swift"; sourceTree = SOURCE_ROOT; };
  C244F0CA9EC968D2754A1925 = { isa = PBXFileReference; lastKnownFileType = sourcecode.swift; path = "Sources/MLXAstraCore/MLXTurbulenceSolver.swift"; sourceTree = SOURCE_ROOT; };
  DC82EA0485DCC589E2F1362E = { isa = PBXGroup; children = (95E3A05B12CE9C3BF9174AD8, C244F0CA9EC968D2754A1925,); name = MLXAstraCore; sourceTree = "<group>"; };
  E665651D3AB5BA5D750F480E = { isa = XCSwiftPackageProductDependency; package = 7EE72F071A85C5B6B6E77053; productName = MLX; };
  DB1F4B862DA0C6BD4276ECBD = { isa = PBXBuildFile; productRef = E665651D3AB5BA5D750F480E; };
  BD11B5C4790734C8A751C046 = { isa = PBXBuildFile; fileRef = 95E3A05B12CE9C3BF9174AD8;  };
  F6CE164DEE81E5F49D9C6632 = { isa = PBXBuildFile; fileRef = C244F0CA9EC968D2754A1925;  };
  9DC8C99D6878071B21B8BA16 = { isa = PBXSourcesBuildPhase; buildActionMask = 2147483647; files = (BD11B5C4790734C8A751C046, F6CE164DEE81E5F49D9C6632,); runOnlyForDeploymentPostprocessing = 0;  };
  3CE1731880D532BE5BBF2C78 = { isa = PBXFrameworksBuildPhase; buildActionMask = 2147483647; files = (DB1F4B862DA0C6BD4276ECBD,); runOnlyForDeploymentPostprocessing = 0;  };
  30DCA2EB17CDC8A28CF2D2DF = { isa = PBXResourcesBuildPhase; buildActionMask = 2147483647; files = (); runOnlyForDeploymentPostprocessing = 0;  };
  0735E8A9B16D751A8715AC40 = { isa = XCBuildConfiguration; buildSettings = { PRODUCT_NAME = "$(TARGET_NAME)"; PRODUCT_BUNDLE_IDENTIFIER = "com.mannetroll.MLXAstraCore"; SWIFT_VERSION = 5.0; CODE_SIGN_STYLE = Automatic; CODE_SIGN_IDENTITY = "-"; MACOSX_DEPLOYMENT_TARGET = 14.0; SUPPORTED_PLATFORMS = macosx; SDKROOT = macosx; ARCHS = arm64; ENABLE_USER_SCRIPT_SANDBOXING = YES; SWIFT_STRICT_CONCURRENCY = minimal; CURRENT_PROJECT_VERSION = 1; MARKETING_VERSION = 1.0; LD_RUNPATH_SEARCH_PATHS = "$(inherited) @executable_path/../Frameworks @loader_path/../Frameworks"; GENERATE_INFOPLIST_FILE = YES; DEFINES_MODULE = YES; SKIP_INSTALL = YES; DYLIB_INSTALL_NAME_BASE = "@rpath"; INSTALL_PATH = "$(LOCAL_LIBRARY_DIR)/Frameworks"; SWIFT_OPTIMIZATION_LEVEL = "-Onone"; ENABLE_TESTABILITY = YES; }; name = Debug; };
  3AFA106C1214EF52F7656F5D = { isa = XCBuildConfiguration; buildSettings = { PRODUCT_NAME = "$(TARGET_NAME)"; PRODUCT_BUNDLE_IDENTIFIER = "com.mannetroll.MLXAstraCore"; SWIFT_VERSION = 5.0; CODE_SIGN_STYLE = Automatic; CODE_SIGN_IDENTITY = "-"; MACOSX_DEPLOYMENT_TARGET = 14.0; SUPPORTED_PLATFORMS = macosx; SDKROOT = macosx; ARCHS = arm64; ENABLE_USER_SCRIPT_SANDBOXING = YES; SWIFT_STRICT_CONCURRENCY = minimal; CURRENT_PROJECT_VERSION = 1; MARKETING_VERSION = 1.0; LD_RUNPATH_SEARCH_PATHS = "$(inherited) @executable_path/../Frameworks @loader_path/../Frameworks"; GENERATE_INFOPLIST_FILE = YES; DEFINES_MODULE = YES; SKIP_INSTALL = YES; DYLIB_INSTALL_NAME_BASE = "@rpath"; INSTALL_PATH = "$(LOCAL_LIBRARY_DIR)/Frameworks"; SWIFT_OPTIMIZATION_LEVEL = "-O"; SWIFT_COMPILATION_MODE = wholemodule; ENABLE_TESTABILITY = YES; }; name = Release; };
  A34A01C6449365AF492DB368 = { isa = XCConfigurationList; buildConfigurations = (0735E8A9B16D751A8715AC40, 3AFA106C1214EF52F7656F5D,); defaultConfigurationIsVisible = 0; defaultConfigurationName = Release; };
  2DBD852842EC798B9456D9F8 = { isa = PBXNativeTarget; buildConfigurationList = A34A01C6449365AF492DB368; buildPhases = (9DC8C99D6878071B21B8BA16, 3CE1731880D532BE5BBF2C78, 30DCA2EB17CDC8A28CF2D2DF,); buildRules = (); dependencies = (); name = MLXAstraCore; packageProductDependencies = (E665651D3AB5BA5D750F480E,); productName = MLXAstraCore; productReference = 3BA614B7F67F8FB2AC7BAEE6; productType = "com.apple.product-type.framework"; };
  EDAFE650784540A9FBAD883D = { isa = PBXFileReference; lastKnownFileType = sourcecode.swift; path = "Tests/MLXAstraTests/MLXTurbulenceSolverTests.swift"; sourceTree = SOURCE_ROOT; };
  8DCCC3850272CC52774F0CB5 = { isa = PBXGroup; children = (EDAFE650784540A9FBAD883D,); name = MLXAstraTests; sourceTree = "<group>"; };
  67C83A7DF9E64699B092D0BB = { isa = XCSwiftPackageProductDependency; package = 7EE72F071A85C5B6B6E77053; productName = MLX; };
  D370501AA3FAD1B1222DD2B6 = { isa = PBXBuildFile; productRef = 67C83A7DF9E64699B092D0BB; };
  858DB780129D6E84A29A5291 = { isa = PBXBuildFile; fileRef = EDAFE650784540A9FBAD883D;  };
  36DC881127BD8AFC237304AA = { isa = PBXSourcesBuildPhase; buildActionMask = 2147483647; files = (858DB780129D6E84A29A5291,); runOnlyForDeploymentPostprocessing = 0;  };
  6AF7EED4B379DF642DC32FE8 = { isa = PBXBuildFile; fileRef = 3BA614B7F67F8FB2AC7BAEE6;  };
  B6ACE63681B03DEC2FDDEE13 = { isa = PBXContainerItemProxy; containerPortal = 98F54143AB4E86B28C3AFEE0; proxyType = 1; remoteGlobalIDString = 2DBD852842EC798B9456D9F8; remoteInfo = MLXAstraCore; };
  45B1B59076242E78257930AF = { isa = PBXTargetDependency; target = 2DBD852842EC798B9456D9F8; targetProxy = B6ACE63681B03DEC2FDDEE13; };
  5905ADE0A6F0A84611147785 = { isa = PBXFrameworksBuildPhase; buildActionMask = 2147483647; files = (D370501AA3FAD1B1222DD2B6, 6AF7EED4B379DF642DC32FE8,); runOnlyForDeploymentPostprocessing = 0;  };
  D457D81DB60174A8BFCD0740 = { isa = PBXResourcesBuildPhase; buildActionMask = 2147483647; files = (); runOnlyForDeploymentPostprocessing = 0;  };
  2CEA72241C76D57444BF5DAF = { isa = XCBuildConfiguration; buildSettings = { PRODUCT_NAME = "$(TARGET_NAME)"; PRODUCT_BUNDLE_IDENTIFIER = "com.mannetroll.MLXAstraTests"; SWIFT_VERSION = 5.0; CODE_SIGN_STYLE = Automatic; CODE_SIGN_IDENTITY = "-"; MACOSX_DEPLOYMENT_TARGET = 14.0; SUPPORTED_PLATFORMS = macosx; SDKROOT = macosx; ARCHS = arm64; ENABLE_USER_SCRIPT_SANDBOXING = YES; SWIFT_STRICT_CONCURRENCY = minimal; CURRENT_PROJECT_VERSION = 1; MARKETING_VERSION = 1.0; LD_RUNPATH_SEARCH_PATHS = "$(inherited) @executable_path/../Frameworks @loader_path/../Frameworks $(BUILT_PRODUCTS_DIR)"; GENERATE_INFOPLIST_FILE = YES; SKIP_INSTALL = YES; SWIFT_OPTIMIZATION_LEVEL = "-Onone"; ENABLE_TESTABILITY = YES; }; name = Debug; };
  D36CCE5EF2CEB3C9625E4971 = { isa = XCBuildConfiguration; buildSettings = { PRODUCT_NAME = "$(TARGET_NAME)"; PRODUCT_BUNDLE_IDENTIFIER = "com.mannetroll.MLXAstraTests"; SWIFT_VERSION = 5.0; CODE_SIGN_STYLE = Automatic; CODE_SIGN_IDENTITY = "-"; MACOSX_DEPLOYMENT_TARGET = 14.0; SUPPORTED_PLATFORMS = macosx; SDKROOT = macosx; ARCHS = arm64; ENABLE_USER_SCRIPT_SANDBOXING = YES; SWIFT_STRICT_CONCURRENCY = minimal; CURRENT_PROJECT_VERSION = 1; MARKETING_VERSION = 1.0; LD_RUNPATH_SEARCH_PATHS = "$(inherited) @executable_path/../Frameworks @loader_path/../Frameworks $(BUILT_PRODUCTS_DIR)"; GENERATE_INFOPLIST_FILE = YES; SKIP_INSTALL = YES; SWIFT_OPTIMIZATION_LEVEL = "-O"; SWIFT_COMPILATION_MODE = wholemodule; ENABLE_TESTABILITY = YES; }; name = Release; };
  F012C88030884997352869DC = { isa = XCConfigurationList; buildConfigurations = (2CEA72241C76D57444BF5DAF, D36CCE5EF2CEB3C9625E4971,); defaultConfigurationIsVisible = 0; defaultConfigurationName = Release; };
  58C614253D02C374408052C0 = { isa = PBXNativeTarget; buildConfigurationList = F012C88030884997352869DC; buildPhases = (36DC881127BD8AFC237304AA, 5905ADE0A6F0A84611147785, D457D81DB60174A8BFCD0740,); buildRules = (); dependencies = (45B1B59076242E78257930AF,); name = MLXAstraTests; packageProductDependencies = (67C83A7DF9E64699B092D0BB,); productName = MLXAstraTests; productReference = 164B3131A39FA3B1C13F4A84; productType = "com.apple.product-type.bundle.unit-test"; };
  50F0FC3AFD5FBC981B5A0DDD = { isa = PBXGroup; children = (2B537D170CE334714BC86947, EB3F7863DC019BE4D1991BFC,); name = Resources; sourceTree = "<group>"; };
  615B463D1028E4E24B674CF7 = { isa = PBXGroup; children = (1072E9D33C8720BC62F17240, 3BA614B7F67F8FB2AC7BAEE6, 164B3131A39FA3B1C13F4A84,); name = Products; sourceTree = "<group>"; };
  70D64A778835613210CE5ACF = { isa = PBXFileReference; lastKnownFileType = net.daringfireball.markdown; path = "APP.md"; sourceTree = SOURCE_ROOT; };
  87D91155BD315BACC39280B0 = { isa = PBXFileReference; lastKnownFileType = net.daringfireball.markdown; path = "README.md"; sourceTree = SOURCE_ROOT; };
  870B3294C0CBD48AF6BBCC1B = { isa = PBXGroup; children = (76F18BEE2ECAE037F445A0BB, DC82EA0485DCC589E2F1362E, 8DCCC3850272CC52774F0CB5, 50F0FC3AFD5FBC981B5A0DDD, 615B463D1028E4E24B674CF7, 70D64A778835613210CE5ACF, 87D91155BD315BACC39280B0,); sourceTree = "<group>"; };
  ED8772ADEC3A6C25161BC957 = { isa = XCBuildConfiguration; buildSettings = { CLANG_ENABLE_MODULES = YES; CLANG_ENABLE_OBJC_ARC = YES; CLANG_CXX_LANGUAGE_STANDARD = "gnu++17"; GCC_C_LANGUAGE_STANDARD = gnu17; MACOSX_DEPLOYMENT_TARGET = 14.0; SDKROOT = macosx; MTL_FAST_MATH = YES; GCC_PREPROCESSOR_DEFINITIONS = ("DEBUG=1", "$(inherited)",); DEBUG_INFORMATION_FORMAT = dwarf; MTL_ENABLE_DEBUG_INFO = INCLUDE_SOURCE; }; name = Debug; };
  00F209874A1F7309F6DCEAA7 = { isa = XCBuildConfiguration; buildSettings = { CLANG_ENABLE_MODULES = YES; CLANG_ENABLE_OBJC_ARC = YES; CLANG_CXX_LANGUAGE_STANDARD = "gnu++17"; GCC_C_LANGUAGE_STANDARD = gnu17; MACOSX_DEPLOYMENT_TARGET = 14.0; SDKROOT = macosx; MTL_FAST_MATH = YES; DEBUG_INFORMATION_FORMAT = "dwarf-with-dsym"; MTL_ENABLE_DEBUG_INFO = NO; }; name = Release; };
  6650A2B5E24FA7522CE6B81C = { isa = XCConfigurationList; buildConfigurations = (ED8772ADEC3A6C25161BC957, 00F209874A1F7309F6DCEAA7,); defaultConfigurationIsVisible = 0; defaultConfigurationName = Release; };
  98F54143AB4E86B28C3AFEE0 = { isa = PBXProject; attributes = { BuildIndependentTargetsInParallel = YES; LastUpgradeCheck = 2630; }; buildConfigurationList = 6650A2B5E24FA7522CE6B81C; compatibilityVersion = "Xcode 14.0"; developmentRegion = en; hasScannedForEncodings = 0; knownRegions = (en, Base,); mainGroup = 870B3294C0CBD48AF6BBCC1B; packageReferences = (7EE72F071A85C5B6B6E77053,); productRefGroup = 615B463D1028E4E24B674CF7; projectDirPath = ""; projectRoot = ""; targets = (FF2DF4C10B501E3FDAF3B307, 2DBD852842EC798B9456D9F8, 58C614253D02C374408052C0,); };
 };
 rootObject = 98F54143AB4E86B28C3AFEE0;
}
