<?xml version="1.0" encoding="UTF-8"?>
<Scheme LastUpgradeVersion="2630" version="1.3">
 <BuildAction parallelizeBuildables="YES" buildImplicitDependencies="YES"><BuildActionEntries>
  <BuildActionEntry buildForTesting="YES" buildForRunning="YES" buildForProfiling="YES" buildForArchiving="YES" buildForAnalyzing="YES"><BuildableReference BuildableIdentifier="primary" BlueprintIdentifier="FF2DF4C10B501E3FDAF3B307" BuildableName="MLXAstra.app" BlueprintName="MLXAstra" ReferencedContainer="container:MLXAstra.xcodeproj"/></BuildActionEntry>
 </BuildActionEntries></BuildAction>
 <TestAction buildConfiguration="Release" selectedDebuggerIdentifier="Xcode.DebuggerFoundation.Debugger.LLDB" selectedLauncherIdentifier="Xcode.IDEFoundation.Launcher.LLDB" shouldUseLaunchSchemeArgsEnv="YES"><Testables><TestableReference skipped="NO"><BuildableReference BuildableIdentifier="primary" BlueprintIdentifier="58C614253D02C374408052C0" BuildableName="MLXAstraTests.xctest" BlueprintName="MLXAstraTests" ReferencedContainer="container:MLXAstra.xcodeproj"/></TestableReference></Testables></TestAction>
 <LaunchAction buildConfiguration="Release" selectedDebuggerIdentifier="Xcode.DebuggerFoundation.Debugger.LLDB" selectedLauncherIdentifier="Xcode.IDEFoundation.Launcher.LLDB" launchStyle="0" useCustomWorkingDirectory="NO" ignoresPersistentStateOnLaunch="NO" debugDocumentVersioning="YES" debugServiceExtension="internal" allowLocationSimulation="YES"><BuildableProductRunnable runnableDebuggingMode="0"><BuildableReference BuildableIdentifier="primary" BlueprintIdentifier="FF2DF4C10B501E3FDAF3B307" BuildableName="MLXAstra.app" BlueprintName="MLXAstra" ReferencedContainer="container:MLXAstra.xcodeproj"/></BuildableProductRunnable></LaunchAction>
 <ProfileAction buildConfiguration="Release" shouldUseLaunchSchemeArgsEnv="YES" savedToolIdentifier="" useCustomWorkingDirectory="NO" debugDocumentVersioning="YES"><BuildableProductRunnable runnableDebuggingMode="0"><BuildableReference BuildableIdentifier="primary" BlueprintIdentifier="FF2DF4C10B501E3FDAF3B307" BuildableName="MLXAstra.app" BlueprintName="MLXAstra" ReferencedContainer="container:MLXAstra.xcodeproj"/></BuildableProductRunnable></ProfileAction>
 <AnalyzeAction buildConfiguration="Debug"/>
 <ArchiveAction buildConfiguration="Release" revealArchiveInOrganizer="YES"/>
</Scheme>
